
Microsoft Visual Studio Solution File, Format Version 12.00
# Visual Studio Version 17
VisualStudioVersion = 17.6.33723.286
MinimumVisualStudioVersion = 10.0.40219.1
Project("{FAE04EC0-301F-11D3-BF4B-00C04F79EFBC}") = "CatalogApi", "CatalogApi\CatalogApi.csproj", "{81AE0778-BE2B-42FF-AB5E-B34521848411}"
EndProject
Project("{FAE04EC0-301F-11D3-BF4B-00C04F79EFBC}") = "CartingService", "CartingService\CartingService.csproj", "{B5D10502-E5D8-4B71-8D08-C93FC6313A8F}"
EndProject
Project("{FAE04EC0-301F-11D3-BF4B-00C04F79EFBC}") = "APIGateway", "APIGateway\APIGateway.csproj", "{1E5B8344-8046-4051-9011-64C57F4BCAA8}"
EndProject
Global
	GlobalSection(SolutionConfigurationPlatforms) = preSolution
		Debug|Any CPU = Debug|Any CPU
		Release|Any CPU = Release|Any CPU
	EndGlobalSection
	GlobalSection(ProjectConfigurationPlatforms) = postSolution
		{81AE0778-BE2B-42FF-AB5E-B34521848411}.Debug|Any CPU.ActiveCfg = Debug|Any CPU
		{81AE0778-BE2B-42FF-AB5E-B34521848411}.Debug|Any CPU.Build.0 = Debug|Any CPU
		{81AE0778-BE2B-42FF-AB5E-B34521848411}.Release|Any CPU.ActiveCfg = Release|Any CPU
		{81AE0778-BE2B-42FF-AB5E-B34521848411}.Release|Any CPU.Build.0 = Release|Any CPU
		{B5D10502-E5D8-4B71-8D08-C93FC6313A8F}.Debug|Any CPU.ActiveCfg = Debug|Any CPU
		{B5D10502-E5D8-4B71-8D08-C93FC6313A8F}.Debug|Any CPU.Build.0 = Debug|Any CPU
		{B5D10502-E5D8-4B71-8D08-C93FC6313A8F}.Release|Any CPU.ActiveCfg = Release|Any CPU
		{B5D10502-E5D8-4B71-8D08-C93FC6313A8F}.Release|Any CPU.Build.0 = Release|Any CPU
		{1E5B8344-8046-4051-9011-64C57F4BCAA8}.Debug|Any CPU.ActiveCfg = Debug|Any CPU
		{1E5B8344-8046-4051-9011-64C57F4BCAA8}.Debug|Any CPU.Build.0 = Debug|Any CPU
		{1E5B8344-8046-4051-9011-64C57F4BCAA8}.Release|Any CPU.ActiveCfg = Release|Any CPU
		{1E5B8344-8046-4051-9011-64C57F4BCAA8}.Release|Any CPU.Build.0 = Release|Any CPU
	EndGlobalSection
	GlobalSection(SolutionProperties) = preSolution
		HideSolutionNode = FALSE
	EndGlobalSection
	GlobalSection(ExtensibilityGlobals) = postSolution
		SolutionGuid = {E79A3B8C-2829-4759-ADBA-52AB436CEF0A}
	EndGlobalSection
EndGlobal
